
Microsoft Visual Studio Solution File, Format Version 12.00
# Visual Studio Version 17
VisualStudioVersion = 17.8.34511.84
MinimumVisualStudioVersion = 10.0.40219.1
Project("{FAE04EC0-301F-11D3-BF4B-00C04F79EFBC}") = "ConsoleApp2", "ConsoleApp2.csproj", "{2EBC3BEE-21A9-4CCC-83CC-048087456DEC}"
EndProject
Global
	GlobalSection(SolutionConfigurationPlatforms) = preSolution
		Debug|Any CPU = Debug|Any CPU
		Release|Any CPU = Release|Any CPU
	EndGlobalSection
	GlobalSection(ProjectConfigurationPlatforms) = postSolution
		{2EBC3BEE-21A9-4CCC-83CC-048087456DEC}.Debug|Any CPU.ActiveCfg = Debug|Any CPU
		{2EBC3BEE-21A9-4CCC-83CC-048087456DEC}.Debug|Any CPU.Build.0 = Debug|Any CPU
		{2EBC3BEE-21A9-4CCC-83CC-048087456DEC}.Release|Any CPU.ActiveCfg = Release|Any CPU
		{2EBC3BEE-21A9-4CCC-83CC-048087456DEC}.Release|Any CPU.Build.0 = Release|Any CPU
	EndGlobalSection
	GlobalSection(SolutionProperties) = preSolution
		HideSolutionNode = FALSE
	EndGlobalSection
	GlobalSection(ExtensibilityGlobals) = postSolution
		SolutionGuid = {9B382FC0-71BB-415F-A465-53C52A8E8178}
	EndGlobalSection
EndGlobal
